{
  "name": "@bbob/core",
  "version": "2.9.0",
  "lockfileVersion": 2,
  "requires": true,
  "packages": {
    "": {
      "name": "@bbob/core",
      "version": "2.9.0",
      "license": "MIT",
      "dependencies": {
        "@bbob/parser": "^2.9.0"
      }
    },
    "../bbob-parser": {
      "name": "@bbob/parser",
      "version": "2.8.2",
      "license": "MIT",
      "dependencies": {
        "@bbob/plugin-helper": "^2.8.2"
      }
    },
    "../bbob-parser/node_modules/@bbob/plugin-helper": {
      "resolved": "../bbob-plugin-helper",
      "link": true
    },
    "../bbob-plugin-helper": {
      "name": "@bbob/plugin-helper",
      "version": "2.8.2",
      "license": "MIT"
    },
    "node_modules/@bbob/parser": {
      "resolved": "../bbob-parser",
      "link": true
    }
  },
  "dependencies": {
    "@bbob/parser": {
      "version": "file:../bbob-parser",
      "requires": {
        "@bbob/plugin-helper": "^2.8.2"
      },
      "dependencies": {
        "@bbob/plugin-helper": {
          "version": "file:../bbob-plugin-helper"
        }
      }
    }
  }
}
