{
  "name": "@bbob/core",
  "version": "2.5.6",
  "lockfileVersion": 1,
  "requires": true,
  "dependencies": {
    "@bbob/parser": {
      "version": "2.5.4",
      "requires": {
        "@bbob/plugin-helper": "^2.5.4"
      },
      "dependencies": {
        "@bbob/plugin-helper": {
          "version": "2.5.4"
        }
      }
    }
  }
}
