{
  "name": "@bbob/vue2",
  "version": "2.9.0",
  "lockfileVersion": 2,
  "requires": true,
  "packages": {
    "": {
      "name": "@bbob/vue2",
      "version": "2.9.0",
      "license": "MIT",
      "dependencies": {
        "@bbob/core": "^2.9.0",
        "@bbob/html": "^2.9.0",
        "@bbob/plugin-helper": "^2.9.0"
      },
      "devDependencies": {
        "@bbob/preset-vue": "^2.9.0",
        "@testing-library/vue": "5.8.3",
        "vue": "2.7.14",
        "vue-template-compiler": "2.7.14"
      },
      "peerDependencies": {
        "vue": "2.x"
      }
    },
    "../bbob-core": {
      "name": "@bbob/core",
      "version": "2.8.2",
      "license": "MIT",
      "dependencies": {
        "@bbob/parser": "^2.8.2"
      }
    },
    "../bbob-core/node_modules/@bbob/parser": {
      "resolved": "../bbob-parser",
      "link": true
    },
    "../bbob-html": {
      "name": "@bbob/html",
      "version": "2.8.2",
      "license": "MIT",
      "dependencies": {
        "@bbob/core": "^2.8.2",
        "@bbob/plugin-helper": "^2.8.2"
      }
    },
    "../bbob-html/node_modules/@bbob/core": {
      "resolved": "../bbob-core",
      "link": true
    },
    "../bbob-html/node_modules/@bbob/plugin-helper": {
      "resolved": "../bbob-plugin-helper",
      "link": true
    },
    "../bbob-parser": {
      "name": "@bbob/parser",
      "version": "2.8.2",
      "license": "MIT",
      "dependencies": {
        "@bbob/plugin-helper": "^2.8.2"
      }
    },
    "../bbob-parser/node_modules/@bbob/plugin-helper": {
      "resolved": "../bbob-plugin-helper",
      "link": true
    },
    "../bbob-plugin-helper": {
      "name": "@bbob/plugin-helper",
      "version": "2.8.2",
      "license": "MIT"
    },
    "../bbob-preset": {
      "name": "@bbob/preset",
      "version": "2.8.2",
      "dev": true,
      "license": "MIT"
    },
    "../bbob-preset-html5": {
      "name": "@bbob/preset-html5",
      "version": "2.8.2",
      "dev": true,
      "license": "MIT",
      "dependencies": {
        "@bbob/plugin-helper": "^2.8.2",
        "@bbob/preset": "^2.8.2"
      },
      "devDependencies": {
        "@bbob/html": "^2.8.2"
      }
    },
    "../bbob-preset-html5/node_modules/@bbob/html": {
      "resolved": "../bbob-html",
      "link": true
    },
    "../bbob-preset-html5/node_modules/@bbob/plugin-helper": {
      "resolved": "../bbob-plugin-helper",
      "link": true
    },
    "../bbob-preset-html5/node_modules/@bbob/preset": {
      "resolved": "../bbob-preset",
      "link": true
    },
    "../bbob-preset-vue": {
      "name": "@bbob/preset-vue",
      "version": "2.8.2",
      "dev": true,
      "license": "MIT",
      "dependencies": {
        "@bbob/preset-html5": "^2.8.2"
      },
      "devDependencies": {
        "@bbob/core": "^2.8.2"
      }
    },
    "../bbob-preset-vue/node_modules/@bbob/core": {
      "resolved": "../bbob-core",
      "link": true
    },
    "../bbob-preset-vue/node_modules/@bbob/preset-html5": {
      "resolved": "../bbob-preset-html5",
      "link": true
    },
    "node_modules/@babel/code-frame": {
      "version": "7.16.0",
      "dev": true,
      "license": "MIT",
      "dependencies": {
        "@babel/highlight": "^7.16.0"
      },
      "engines": {
        "node": ">=6.9.0"
      }
    },
    "node_modules/@babel/helper-validator-identifier": {
      "version": "7.15.7",
      "dev": true,
      "license": "MIT",
      "engines": {
        "node": ">=6.9.0"
      }
    },
    "node_modules/@babel/highlight": {
      "version": "7.16.0",
      "dev": true,
      "license": "MIT",
      "dependencies": {
        "@babel/helper-validator-identifier": "^7.15.7",
        "chalk": "^2.0.0",
        "js-tokens": "^4.0.0"
      },
      "engines": {
        "node": ">=6.9.0"
      }
    },
    "node_modules/@babel/highlight/node_modules/chalk": {
      "version": "2.4.2",
      "dev": true,
      "license": "MIT",
      "dependencies": {
        "ansi-styles": "^3.2.1",
        "escape-string-regexp": "^1.0.5",
        "supports-color": "^5.3.0"
      },
      "engines": {
        "node": ">=4"
      }
    },
    "node_modules/@babel/parser": {
      "version": "7.20.5",
      "dev": true,
      "license": "MIT",
      "bin": {
        "parser": "bin/babel-parser.js"
      },
      "engines": {
        "node": ">=6.0.0"
      }
    },
    "node_modules/@babel/runtime": {
      "version": "7.16.3",
      "dev": true,
      "license": "MIT",
      "dependencies": {
        "regenerator-runtime": "^0.13.4"
      },
      "engines": {
        "node": ">=6.9.0"
      }
    },
    "node_modules/@babel/runtime-corejs3": {
      "version": "7.16.3",
      "dev": true,
      "license": "MIT",
      "dependencies": {
        "core-js-pure": "^3.19.0",
        "regenerator-runtime": "^0.13.4"
      },
      "engines": {
        "node": ">=6.9.0"
      }
    },
    "node_modules/@bbob/core": {
      "resolved": "../bbob-core",
      "link": true
    },
    "node_modules/@bbob/html": {
      "resolved": "../bbob-html",
      "link": true
    },
    "node_modules/@bbob/plugin-helper": {
      "resolved": "../bbob-plugin-helper",
      "link": true
    },
    "node_modules/@bbob/preset-vue": {
      "resolved": "../bbob-preset-vue",
      "link": true
    },
    "node_modules/@jest/types": {
      "version": "26.6.2",
      "dev": true,
      "license": "MIT",
      "dependencies": {
        "@types/istanbul-lib-coverage": "^2.0.0",
        "@types/istanbul-reports": "^3.0.0",
        "@types/node": "*",
        "@types/yargs": "^15.0.0",
        "chalk": "^4.0.0"
      },
      "engines": {
        "node": ">= 10.14.2"
      }
    },
    "node_modules/@testing-library/dom": {
      "version": "7.31.2",
      "dev": true,
      "license": "MIT",
      "dependencies": {
        "@babel/code-frame": "^7.10.4",
        "@babel/runtime": "^7.12.5",
        "@types/aria-query": "^4.2.0",
        "aria-query": "^4.2.2",
        "chalk": "^4.1.0",
        "dom-accessibility-api": "^0.5.6",
        "lz-string": "^1.4.4",
        "pretty-format": "^26.6.2"
      },
      "engines": {
        "node": ">=10"
      }
    },
    "node_modules/@testing-library/vue": {
      "version": "5.8.3",
      "dev": true,
      "license": "MIT",
      "dependencies": {
        "@babel/runtime": "^7.12.5",
        "@testing-library/dom": "^7.26.6",
        "@vue/test-utils": "^1.1.0"
      },
      "engines": {
        "node": ">10.18"
      },
      "peerDependencies": {
        "vue": "^2.6.10",
        "vue-template-compiler": "^2.6.10"
      }
    },
    "node_modules/@types/aria-query": {
      "version": "4.2.2",
      "dev": true,
      "license": "MIT"
    },
    "node_modules/@types/istanbul-lib-coverage": {
      "version": "2.0.3",
      "dev": true,
      "license": "MIT"
    },
    "node_modules/@types/istanbul-lib-report": {
      "version": "3.0.0",
      "dev": true,
      "license": "MIT",
      "dependencies": {
        "@types/istanbul-lib-coverage": "*"
      }
    },
    "node_modules/@types/istanbul-reports": {
      "version": "3.0.1",
      "dev": true,
      "license": "MIT",
      "dependencies": {
        "@types/istanbul-lib-report": "*"
      }
    },
    "node_modules/@types/node": {
      "version": "16.11.10",
      "dev": true,
      "license": "MIT"
    },
    "node_modules/@types/yargs": {
      "version": "15.0.14",
      "dev": true,
      "license": "MIT",
      "dependencies": {
        "@types/yargs-parser": "*"
      }
    },
    "node_modules/@types/yargs-parser": {
      "version": "20.2.1",
      "dev": true,
      "license": "MIT"
    },
    "node_modules/@vue/compiler-sfc": {
      "version": "2.7.14",
      "dev": true,
      "dependencies": {
        "@babel/parser": "^7.18.4",
        "postcss": "^8.4.14",
        "source-map": "^0.6.1"
      }
    },
    "node_modules/@vue/test-utils": {
      "version": "1.3.0",
      "dev": true,
      "license": "MIT",
      "dependencies": {
        "dom-event-types": "^1.0.0",
        "lodash": "^4.17.15",
        "pretty": "^2.0.0"
      },
      "peerDependencies": {
        "vue": "2.x",
        "vue-template-compiler": "^2.x"
      }
    },
    "node_modules/abbrev": {
      "version": "1.1.1",
      "dev": true,
      "license": "ISC"
    },
    "node_modules/ansi-regex": {
      "version": "5.0.1",
      "dev": true,
      "license": "MIT",
      "engines": {
        "node": ">=8"
      }
    },
    "node_modules/ansi-styles": {
      "version": "3.2.1",
      "dev": true,
      "license": "MIT",
      "dependencies": {
        "color-convert": "^1.9.0"
      },
      "engines": {
        "node": ">=4"
      }
    },
    "node_modules/aria-query": {
      "version": "4.2.2",
      "dev": true,
      "license": "Apache-2.0",
      "dependencies": {
        "@babel/runtime": "^7.10.2",
        "@babel/runtime-corejs3": "^7.10.2"
      },
      "engines": {
        "node": ">=6.0"
      }
    },
    "node_modules/balanced-match": {
      "version": "1.0.2",
      "dev": true,
      "license": "MIT"
    },
    "node_modules/brace-expansion": {
      "version": "1.1.11",
      "dev": true,
      "license": "MIT",
      "dependencies": {
        "balanced-match": "^1.0.0",
        "concat-map": "0.0.1"
      }
    },
    "node_modules/chalk": {
      "version": "4.1.2",
      "dev": true,
      "license": "MIT",
      "dependencies": {
        "ansi-styles": "^4.1.0",
        "supports-color": "^7.1.0"
      },
      "engines": {
        "node": ">=10"
      },
      "funding": {
        "url": "https://github.com/chalk/chalk?sponsor=1"
      }
    },
    "node_modules/chalk/node_modules/ansi-styles": {
      "version": "4.3.0",
      "dev": true,
      "license": "MIT",
      "dependencies": {
        "color-convert": "^2.0.1"
      },
      "engines": {
        "node": ">=8"
      },
      "funding": {
        "url": "https://github.com/chalk/ansi-styles?sponsor=1"
      }
    },
    "node_modules/chalk/node_modules/color-convert": {
      "version": "2.0.1",
      "dev": true,
      "license": "MIT",
      "dependencies": {
        "color-name": "~1.1.4"
      },
      "engines": {
        "node": ">=7.0.0"
      }
    },
    "node_modules/chalk/node_modules/color-name": {
      "version": "1.1.4",
      "dev": true,
      "license": "MIT"
    },
    "node_modules/chalk/node_modules/has-flag": {
      "version": "4.0.0",
      "dev": true,
      "license": "MIT",
      "engines": {
        "node": ">=8"
      }
    },
    "node_modules/chalk/node_modules/supports-color": {
      "version": "7.2.0",
      "dev": true,
      "license": "MIT",
      "dependencies": {
        "has-flag": "^4.0.0"
      },
      "engines": {
        "node": ">=8"
      }
    },
    "node_modules/color-convert": {
      "version": "1.9.3",
      "dev": true,
      "license": "MIT",
      "dependencies": {
        "color-name": "1.1.3"
      }
    },
    "node_modules/color-name": {
      "version": "1.1.3",
      "dev": true,
      "license": "MIT"
    },
    "node_modules/commander": {
      "version": "2.20.3",
      "dev": true,
      "license": "MIT"
    },
    "node_modules/concat-map": {
      "version": "0.0.1",
      "dev": true,
      "license": "MIT"
    },
    "node_modules/condense-newlines": {
      "version": "0.2.1",
      "dev": true,
      "license": "MIT",
      "dependencies": {
        "extend-shallow": "^2.0.1",
        "is-whitespace": "^0.3.0",
        "kind-of": "^3.0.2"
      },
      "engines": {
        "node": ">=0.10.0"
      }
    },
    "node_modules/config-chain": {
      "version": "1.1.13",
      "dev": true,
      "license": "MIT",
      "dependencies": {
        "ini": "^1.3.4",
        "proto-list": "~1.2.1"
      }
    },
    "node_modules/core-js-pure": {
      "version": "3.19.1",
      "dev": true,
      "hasInstallScript": true,
      "license": "MIT",
      "funding": {
        "type": "opencollective",
        "url": "https://opencollective.com/core-js"
      }
    },
    "node_modules/csstype": {
      "version": "3.1.1",
      "dev": true,
      "license": "MIT"
    },
    "node_modules/de-indent": {
      "version": "1.0.2",
      "dev": true,
      "license": "MIT"
    },
    "node_modules/dom-accessibility-api": {
      "version": "0.5.10",
      "dev": true,
      "license": "MIT"
    },
    "node_modules/dom-event-types": {
      "version": "1.0.0",
      "dev": true,
      "license": "MIT"
    },
    "node_modules/editorconfig": {
      "version": "0.15.3",
      "dev": true,
      "license": "MIT",
      "dependencies": {
        "commander": "^2.19.0",
        "lru-cache": "^4.1.5",
        "semver": "^5.6.0",
        "sigmund": "^1.0.1"
      },
      "bin": {
        "editorconfig": "bin/editorconfig"
      }
    },
    "node_modules/escape-string-regexp": {
      "version": "1.0.5",
      "dev": true,
      "license": "MIT",
      "engines": {
        "node": ">=0.8.0"
      }
    },
    "node_modules/extend-shallow": {
      "version": "2.0.1",
      "dev": true,
      "license": "MIT",
      "dependencies": {
        "is-extendable": "^0.1.0"
      },
      "engines": {
        "node": ">=0.10.0"
      }
    },
    "node_modules/fs.realpath": {
      "version": "1.0.0",
      "dev": true,
      "license": "ISC"
    },
    "node_modules/glob": {
      "version": "7.2.0",
      "dev": true,
      "license": "ISC",
      "dependencies": {
        "fs.realpath": "^1.0.0",
        "inflight": "^1.0.4",
        "inherits": "2",
        "minimatch": "^3.0.4",
        "once": "^1.3.0",
        "path-is-absolute": "^1.0.0"
      },
      "engines": {
        "node": "*"
      },
      "funding": {
        "url": "https://github.com/sponsors/isaacs"
      }
    },
    "node_modules/has-flag": {
      "version": "3.0.0",
      "dev": true,
      "license": "MIT",
      "engines": {
        "node": ">=4"
      }
    },
    "node_modules/he": {
      "version": "1.2.0",
      "dev": true,
      "license": "MIT",
      "bin": {
        "he": "bin/he"
      }
    },
    "node_modules/inflight": {
      "version": "1.0.6",
      "dev": true,
      "license": "ISC",
      "dependencies": {
        "once": "^1.3.0",
        "wrappy": "1"
      }
    },
    "node_modules/inherits": {
      "version": "2.0.4",
      "dev": true,
      "license": "ISC"
    },
    "node_modules/ini": {
      "version": "1.3.8",
      "dev": true,
      "license": "ISC"
    },
    "node_modules/is-buffer": {
      "version": "1.1.6",
      "dev": true,
      "license": "MIT"
    },
    "node_modules/is-extendable": {
      "version": "0.1.1",
      "dev": true,
      "license": "MIT",
      "engines": {
        "node": ">=0.10.0"
      }
    },
    "node_modules/is-whitespace": {
      "version": "0.3.0",
      "dev": true,
      "license": "MIT",
      "engines": {
        "node": ">=0.10.0"
      }
    },
    "node_modules/js-beautify": {
      "version": "1.14.0",
      "dev": true,
      "license": "MIT",
      "dependencies": {
        "config-chain": "^1.1.12",
        "editorconfig": "^0.15.3",
        "glob": "^7.1.3",
        "nopt": "^5.0.0"
      },
      "bin": {
        "css-beautify": "js/bin/css-beautify.js",
        "html-beautify": "js/bin/html-beautify.js",
        "js-beautify": "js/bin/js-beautify.js"
      },
      "engines": {
        "node": ">=10"
      }
    },
    "node_modules/js-tokens": {
      "version": "4.0.0",
      "dev": true,
      "license": "MIT"
    },
    "node_modules/kind-of": {
      "version": "3.2.2",
      "dev": true,
      "license": "MIT",
      "dependencies": {
        "is-buffer": "^1.1.5"
      },
      "engines": {
        "node": ">=0.10.0"
      }
    },
    "node_modules/lodash": {
      "version": "4.17.21",
      "dev": true,
      "license": "MIT"
    },
    "node_modules/lru-cache": {
      "version": "4.1.5",
      "dev": true,
      "license": "ISC",
      "dependencies": {
        "pseudomap": "^1.0.2",
        "yallist": "^2.1.2"
      }
    },
    "node_modules/lz-string": {
      "version": "1.4.4",
      "dev": true,
      "license": "WTFPL",
      "bin": {
        "lz-string": "bin/bin.js"
      }
    },
    "node_modules/minimatch": {
      "version": "3.1.2",
      "dev": true,
      "license": "ISC",
      "dependencies": {
        "brace-expansion": "^1.1.7"
      },
      "engines": {
        "node": "*"
      }
    },
    "node_modules/nanoid": {
      "version": "3.3.4",
      "dev": true,
      "license": "MIT",
      "bin": {
        "nanoid": "bin/nanoid.cjs"
      },
      "engines": {
        "node": "^10 || ^12 || ^13.7 || ^14 || >=15.0.1"
      }
    },
    "node_modules/nopt": {
      "version": "5.0.0",
      "dev": true,
      "license": "ISC",
      "dependencies": {
        "abbrev": "1"
      },
      "bin": {
        "nopt": "bin/nopt.js"
      },
      "engines": {
        "node": ">=6"
      }
    },
    "node_modules/once": {
      "version": "1.4.0",
      "dev": true,
      "license": "ISC",
      "dependencies": {
        "wrappy": "1"
      }
    },
    "node_modules/path-is-absolute": {
      "version": "1.0.1",
      "dev": true,
      "license": "MIT",
      "engines": {
        "node": ">=0.10.0"
      }
    },
    "node_modules/picocolors": {
      "version": "1.0.0",
      "dev": true,
      "license": "ISC"
    },
    "node_modules/postcss": {
      "version": "8.4.20",
      "dev": true,
      "funding": [
        {
          "type": "opencollective",
          "url": "https://opencollective.com/postcss/"
        },
        {
          "type": "tidelift",
          "url": "https://tidelift.com/funding/github/npm/postcss"
        }
      ],
      "license": "MIT",
      "dependencies": {
        "nanoid": "^3.3.4",
        "picocolors": "^1.0.0",
        "source-map-js": "^1.0.2"
      },
      "engines": {
        "node": "^10 || ^12 || >=14"
      }
    },
    "node_modules/pretty": {
      "version": "2.0.0",
      "dev": true,
      "license": "MIT",
      "dependencies": {
        "condense-newlines": "^0.2.1",
        "extend-shallow": "^2.0.1",
        "js-beautify": "^1.6.12"
      },
      "engines": {
        "node": ">=0.10.0"
      }
    },
    "node_modules/pretty-format": {
      "version": "26.6.2",
      "dev": true,
      "license": "MIT",
      "dependencies": {
        "@jest/types": "^26.6.2",
        "ansi-regex": "^5.0.0",
        "ansi-styles": "^4.0.0",
        "react-is": "^17.0.1"
      },
      "engines": {
        "node": ">= 10"
      }
    },
    "node_modules/pretty-format/node_modules/ansi-styles": {
      "version": "4.3.0",
      "dev": true,
      "license": "MIT",
      "dependencies": {
        "color-convert": "^2.0.1"
      },
      "engines": {
        "node": ">=8"
      },
      "funding": {
        "url": "https://github.com/chalk/ansi-styles?sponsor=1"
      }
    },
    "node_modules/pretty-format/node_modules/color-convert": {
      "version": "2.0.1",
      "dev": true,
      "license": "MIT",
      "dependencies": {
        "color-name": "~1.1.4"
      },
      "engines": {
        "node": ">=7.0.0"
      }
    },
    "node_modules/pretty-format/node_modules/color-name": {
      "version": "1.1.4",
      "dev": true,
      "license": "MIT"
    },
    "node_modules/proto-list": {
      "version": "1.2.4",
      "dev": true,
      "license": "ISC"
    },
    "node_modules/pseudomap": {
      "version": "1.0.2",
      "dev": true,
      "license": "ISC"
    },
    "node_modules/react-is": {
      "version": "17.0.2",
      "dev": true,
      "license": "MIT"
    },
    "node_modules/regenerator-runtime": {
      "version": "0.13.9",
      "dev": true,
      "license": "MIT"
    },
    "node_modules/semver": {
      "version": "5.7.1",
      "dev": true,
      "license": "ISC",
      "bin": {
        "semver": "bin/semver"
      }
    },
    "node_modules/sigmund": {
      "version": "1.0.1",
      "dev": true,
      "license": "ISC"
    },
    "node_modules/source-map": {
      "version": "0.6.1",
      "dev": true,
      "license": "BSD-3-Clause",
      "engines": {
        "node": ">=0.10.0"
      }
    },
    "node_modules/source-map-js": {
      "version": "1.0.2",
      "dev": true,
      "license": "BSD-3-Clause",
      "engines": {
        "node": ">=0.10.0"
      }
    },
    "node_modules/supports-color": {
      "version": "5.5.0",
      "dev": true,
      "license": "MIT",
      "dependencies": {
        "has-flag": "^3.0.0"
      },
      "engines": {
        "node": ">=4"
      }
    },
    "node_modules/vue": {
      "version": "2.7.14",
      "dev": true,
      "license": "MIT",
      "dependencies": {
        "@vue/compiler-sfc": "2.7.14",
        "csstype": "^3.1.0"
      }
    },
    "node_modules/vue-template-compiler": {
      "version": "2.7.14",
      "dev": true,
      "license": "MIT",
      "dependencies": {
        "de-indent": "^1.0.2",
        "he": "^1.2.0"
      }
    },
    "node_modules/wrappy": {
      "version": "1.0.2",
      "dev": true,
      "license": "ISC"
    },
    "node_modules/yallist": {
      "version": "2.1.2",
      "dev": true,
      "license": "ISC"
    }
  },
  "dependencies": {
    "@babel/code-frame": {
      "version": "7.16.0",
      "dev": true,
      "requires": {
        "@babel/highlight": "^7.16.0"
      }
    },
    "@babel/helper-validator-identifier": {
      "version": "7.15.7",
      "dev": true
    },
    "@babel/highlight": {
      "version": "7.16.0",
      "dev": true,
      "requires": {
        "@babel/helper-validator-identifier": "^7.15.7",
        "chalk": "^2.0.0",
        "js-tokens": "^4.0.0"
      },
      "dependencies": {
        "chalk": {
          "version": "2.4.2",
          "dev": true,
          "requires": {
            "ansi-styles": "^3.2.1",
            "escape-string-regexp": "^1.0.5",
            "supports-color": "^5.3.0"
          }
        }
      }
    },
    "@babel/parser": {
      "version": "7.20.5",
      "dev": true
    },
    "@babel/runtime": {
      "version": "7.16.3",
      "dev": true,
      "requires": {
        "regenerator-runtime": "^0.13.4"
      }
    },
    "@babel/runtime-corejs3": {
      "version": "7.16.3",
      "dev": true,
      "requires": {
        "core-js-pure": "^3.19.0",
        "regenerator-runtime": "^0.13.4"
      }
    },
    "@bbob/core": {
      "version": "file:../bbob-core",
      "requires": {
        "@bbob/parser": "^2.8.2"
      },
      "dependencies": {
        "@bbob/parser": {
          "version": "file:../bbob-parser",
          "requires": {
            "@bbob/plugin-helper": "^2.8.2"
          },
          "dependencies": {
            "@bbob/plugin-helper": {
              "version": "file:../bbob-plugin-helper"
            }
          }
        }
      }
    },
    "@bbob/html": {
      "version": "file:../bbob-html",
      "requires": {
        "@bbob/core": "^2.8.2",
        "@bbob/plugin-helper": "^2.8.2"
      },
      "dependencies": {
        "@bbob/core": {
          "version": "file:../bbob-core",
          "requires": {
            "@bbob/parser": "^2.8.2"
          },
          "dependencies": {
            "@bbob/parser": {
              "version": "file:../bbob-parser",
              "requires": {
                "@bbob/plugin-helper": "^2.8.2"
              },
              "dependencies": {
                "@bbob/plugin-helper": {
                  "version": "file:../bbob-plugin-helper"
                }
              }
            }
          }
        },
        "@bbob/plugin-helper": {
          "version": "file:../bbob-plugin-helper"
        }
      }
    },
    "@bbob/plugin-helper": {
      "version": "file:../bbob-plugin-helper"
    },
    "@bbob/preset-vue": {
      "version": "file:../bbob-preset-vue",
      "requires": {
        "@bbob/core": "^2.8.2",
        "@bbob/preset-html5": "^2.8.2"
      },
      "dependencies": {
        "@bbob/core": {
          "version": "file:../bbob-core",
          "requires": {
            "@bbob/parser": "^2.8.2"
          },
          "dependencies": {
            "@bbob/parser": {
              "version": "file:../bbob-parser",
              "requires": {
                "@bbob/plugin-helper": "^2.8.2"
              },
              "dependencies": {
                "@bbob/plugin-helper": {
                  "version": "file:../bbob-plugin-helper"
                }
              }
            }
          }
        },
        "@bbob/preset-html5": {
          "version": "file:../bbob-preset-html5",
          "requires": {
            "@bbob/html": "^2.8.2",
            "@bbob/plugin-helper": "^2.8.2",
            "@bbob/preset": "^2.8.2"
          },
          "dependencies": {
            "@bbob/html": {
              "version": "file:../bbob-html",
              "requires": {
                "@bbob/core": "^2.8.2",
                "@bbob/plugin-helper": "^2.8.2"
              },
              "dependencies": {
                "@bbob/core": {
                  "version": "file:../bbob-core",
                  "requires": {
                    "@bbob/parser": "^2.8.2"
                  },
                  "dependencies": {
                    "@bbob/parser": {
                      "version": "file:../bbob-parser",
                      "requires": {
                        "@bbob/plugin-helper": "^2.8.2"
                      },
                      "dependencies": {
                        "@bbob/plugin-helper": {
                          "version": "file:../bbob-plugin-helper"
                        }
                      }
                    }
                  }
                },
                "@bbob/plugin-helper": {
                  "version": "file:../bbob-plugin-helper"
                }
              }
            },
            "@bbob/plugin-helper": {
              "version": "file:../bbob-plugin-helper"
            },
            "@bbob/preset": {
              "version": "file:../bbob-preset"
            }
          }
        }
      }
    },
    "@jest/types": {
      "version": "26.6.2",
      "dev": true,
      "requires": {
        "@types/istanbul-lib-coverage": "^2.0.0",
        "@types/istanbul-reports": "^3.0.0",
        "@types/node": "*",
        "@types/yargs": "^15.0.0",
        "chalk": "^4.0.0"
      }
    },
    "@testing-library/dom": {
      "version": "7.31.2",
      "dev": true,
      "requires": {
        "@babel/code-frame": "^7.10.4",
        "@babel/runtime": "^7.12.5",
        "@types/aria-query": "^4.2.0",
        "aria-query": "^4.2.2",
        "chalk": "^4.1.0",
        "dom-accessibility-api": "^0.5.6",
        "lz-string": "^1.4.4",
        "pretty-format": "^26.6.2"
      }
    },
    "@testing-library/vue": {
      "version": "5.8.3",
      "dev": true,
      "requires": {
        "@babel/runtime": "^7.12.5",
        "@testing-library/dom": "^7.26.6",
        "@vue/test-utils": "^1.1.0"
      }
    },
    "@types/aria-query": {
      "version": "4.2.2",
      "dev": true
    },
    "@types/istanbul-lib-coverage": {
      "version": "2.0.3",
      "dev": true
    },
    "@types/istanbul-lib-report": {
      "version": "3.0.0",
      "dev": true,
      "requires": {
        "@types/istanbul-lib-coverage": "*"
      }
    },
    "@types/istanbul-reports": {
      "version": "3.0.1",
      "dev": true,
      "requires": {
        "@types/istanbul-lib-report": "*"
      }
    },
    "@types/node": {
      "version": "16.11.10",
      "dev": true
    },
    "@types/yargs": {
      "version": "15.0.14",
      "dev": true,
      "requires": {
        "@types/yargs-parser": "*"
      }
    },
    "@types/yargs-parser": {
      "version": "20.2.1",
      "dev": true
    },
    "@vue/compiler-sfc": {
      "version": "2.7.14",
      "dev": true,
      "requires": {
        "@babel/parser": "^7.18.4",
        "postcss": "^8.4.14",
        "source-map": "^0.6.1"
      }
    },
    "@vue/test-utils": {
      "version": "1.3.0",
      "dev": true,
      "requires": {
        "dom-event-types": "^1.0.0",
        "lodash": "^4.17.15",
        "pretty": "^2.0.0"
      }
    },
    "abbrev": {
      "version": "1.1.1",
      "dev": true
    },
    "ansi-regex": {
      "version": "5.0.1",
      "dev": true
    },
    "ansi-styles": {
      "version": "3.2.1",
      "dev": true,
      "requires": {
        "color-convert": "^1.9.0"
      }
    },
    "aria-query": {
      "version": "4.2.2",
      "dev": true,
      "requires": {
        "@babel/runtime": "^7.10.2",
        "@babel/runtime-corejs3": "^7.10.2"
      }
    },
    "balanced-match": {
      "version": "1.0.2",
      "dev": true
    },
    "brace-expansion": {
      "version": "1.1.11",
      "dev": true,
      "requires": {
        "balanced-match": "^1.0.0",
        "concat-map": "0.0.1"
      }
    },
    "chalk": {
      "version": "4.1.2",
      "dev": true,
      "requires": {
        "ansi-styles": "^4.1.0",
        "supports-color": "^7.1.0"
      },
      "dependencies": {
        "ansi-styles": {
          "version": "4.3.0",
          "dev": true,
          "requires": {
            "color-convert": "^2.0.1"
          }
        },
        "color-convert": {
          "version": "2.0.1",
          "dev": true,
          "requires": {
            "color-name": "~1.1.4"
          }
        },
        "color-name": {
          "version": "1.1.4",
          "dev": true
        },
        "has-flag": {
          "version": "4.0.0",
          "dev": true
        },
        "supports-color": {
          "version": "7.2.0",
          "dev": true,
          "requires": {
            "has-flag": "^4.0.0"
          }
        }
      }
    },
    "color-convert": {
      "version": "1.9.3",
      "dev": true,
      "requires": {
        "color-name": "1.1.3"
      }
    },
    "color-name": {
      "version": "1.1.3",
      "dev": true
    },
    "commander": {
      "version": "2.20.3",
      "dev": true
    },
    "concat-map": {
      "version": "0.0.1",
      "dev": true
    },
    "condense-newlines": {
      "version": "0.2.1",
      "dev": true,
      "requires": {
        "extend-shallow": "^2.0.1",
        "is-whitespace": "^0.3.0",
        "kind-of": "^3.0.2"
      }
    },
    "config-chain": {
      "version": "1.1.13",
      "dev": true,
      "requires": {
        "ini": "^1.3.4",
        "proto-list": "~1.2.1"
      }
    },
    "core-js-pure": {
      "version": "3.19.1",
      "dev": true
    },
    "csstype": {
      "version": "3.1.1",
      "dev": true
    },
    "de-indent": {
      "version": "1.0.2",
      "dev": true
    },
    "dom-accessibility-api": {
      "version": "0.5.10",
      "dev": true
    },
    "dom-event-types": {
      "version": "1.0.0",
      "dev": true
    },
    "editorconfig": {
      "version": "0.15.3",
      "dev": true,
      "requires": {
        "commander": "^2.19.0",
        "lru-cache": "^4.1.5",
        "semver": "^5.6.0",
        "sigmund": "^1.0.1"
      }
    },
    "escape-string-regexp": {
      "version": "1.0.5",
      "dev": true
    },
    "extend-shallow": {
      "version": "2.0.1",
      "dev": true,
      "requires": {
        "is-extendable": "^0.1.0"
      }
    },
    "fs.realpath": {
      "version": "1.0.0",
      "dev": true
    },
    "glob": {
      "version": "7.2.0",
      "dev": true,
      "requires": {
        "fs.realpath": "^1.0.0",
        "inflight": "^1.0.4",
        "inherits": "2",
        "minimatch": "^3.0.4",
        "once": "^1.3.0",
        "path-is-absolute": "^1.0.0"
      }
    },
    "has-flag": {
      "version": "3.0.0",
      "dev": true
    },
    "he": {
      "version": "1.2.0",
      "dev": true
    },
    "inflight": {
      "version": "1.0.6",
      "dev": true,
      "requires": {
        "once": "^1.3.0",
        "wrappy": "1"
      }
    },
    "inherits": {
      "version": "2.0.4",
      "dev": true
    },
    "ini": {
      "version": "1.3.8",
      "dev": true
    },
    "is-buffer": {
      "version": "1.1.6",
      "dev": true
    },
    "is-extendable": {
      "version": "0.1.1",
      "dev": true
    },
    "is-whitespace": {
      "version": "0.3.0",
      "dev": true
    },
    "js-beautify": {
      "version": "1.14.0",
      "dev": true,
      "requires": {
        "config-chain": "^1.1.12",
        "editorconfig": "^0.15.3",
        "glob": "^7.1.3",
        "nopt": "^5.0.0"
      }
    },
    "js-tokens": {
      "version": "4.0.0",
      "dev": true
    },
    "kind-of": {
      "version": "3.2.2",
      "dev": true,
      "requires": {
        "is-buffer": "^1.1.5"
      }
    },
    "lodash": {
      "version": "4.17.21",
      "dev": true
    },
    "lru-cache": {
      "version": "4.1.5",
      "dev": true,
      "requires": {
        "pseudomap": "^1.0.2",
        "yallist": "^2.1.2"
      }
    },
    "lz-string": {
      "version": "1.4.4",
      "dev": true
    },
    "minimatch": {
      "version": "3.1.2",
      "dev": true,
      "requires": {
        "brace-expansion": "^1.1.7"
      }
    },
    "nanoid": {
      "version": "3.3.4",
      "dev": true
    },
    "nopt": {
      "version": "5.0.0",
      "dev": true,
      "requires": {
        "abbrev": "1"
      }
    },
    "once": {
      "version": "1.4.0",
      "dev": true,
      "requires": {
        "wrappy": "1"
      }
    },
    "path-is-absolute": {
      "version": "1.0.1",
      "dev": true
    },
    "picocolors": {
      "version": "1.0.0",
      "dev": true
    },
    "postcss": {
      "version": "8.4.20",
      "dev": true,
      "requires": {
        "nanoid": "^3.3.4",
        "picocolors": "^1.0.0",
        "source-map-js": "^1.0.2"
      }
    },
    "pretty": {
      "version": "2.0.0",
      "dev": true,
      "requires": {
        "condense-newlines": "^0.2.1",
        "extend-shallow": "^2.0.1",
        "js-beautify": "^1.6.12"
      }
    },
    "pretty-format": {
      "version": "26.6.2",
      "dev": true,
      "requires": {
        "@jest/types": "^26.6.2",
        "ansi-regex": "^5.0.0",
        "ansi-styles": "^4.0.0",
        "react-is": "^17.0.1"
      },
      "dependencies": {
        "ansi-styles": {
          "version": "4.3.0",
          "dev": true,
          "requires": {
            "color-convert": "^2.0.1"
          }
        },
        "color-convert": {
          "version": "2.0.1",
          "dev": true,
          "requires": {
            "color-name": "~1.1.4"
          }
        },
        "color-name": {
          "version": "1.1.4",
          "dev": true
        }
      }
    },
    "proto-list": {
      "version": "1.2.4",
      "dev": true
    },
    "pseudomap": {
      "version": "1.0.2",
      "dev": true
    },
    "react-is": {
      "version": "17.0.2",
      "dev": true
    },
    "regenerator-runtime": {
      "version": "0.13.9",
      "dev": true
    },
    "semver": {
      "version": "5.7.1",
      "dev": true
    },
    "sigmund": {
      "version": "1.0.1",
      "dev": true
    },
    "source-map": {
      "version": "0.6.1",
      "dev": true
    },
    "source-map-js": {
      "version": "1.0.2",
      "dev": true
    },
    "supports-color": {
      "version": "5.5.0",
      "dev": true,
      "requires": {
        "has-flag": "^3.0.0"
      }
    },
    "vue": {
      "version": "2.7.14",
      "dev": true,
      "requires": {
        "@vue/compiler-sfc": "2.7.14",
        "csstype": "^3.1.0"
      }
    },
    "vue-template-compiler": {
      "version": "2.7.14",
      "dev": true,
      "requires": {
        "de-indent": "^1.0.2",
        "he": "^1.2.0"
      }
    },
    "wrappy": {
      "version": "1.0.2",
      "dev": true
    },
    "yallist": {
      "version": "2.1.2",
      "dev": true
    }
  }
}
