{
  "name": "@bbob/preset-vue",
  "version": "2.8.3",
  "lockfileVersion": 2,
  "requires": true,
  "packages": {
    "": {
      "name": "@bbob/preset-vue",
      "version": "2.8.3",
      "license": "MIT",
      "dependencies": {
        "@bbob/preset-html5": "^2.8.3"
      },
      "devDependencies": {
        "@bbob/core": "^2.8.3"
      }
    },
    "../bbob-core": {
      "name": "@bbob/core",
      "version": "2.8.2",
      "dev": true,
      "license": "MIT",
      "dependencies": {
        "@bbob/parser": "^2.8.2"
      }
    },
    "../bbob-core/node_modules/@bbob/parser": {
      "resolved": "../bbob-parser",
      "link": true
    },
    "../bbob-html": {
      "name": "@bbob/html",
      "version": "2.8.2",
      "dev": true,
      "license": "MIT",
      "dependencies": {
        "@bbob/core": "^2.8.2",
        "@bbob/plugin-helper": "^2.8.2"
      }
    },
    "../bbob-html/node_modules/@bbob/core": {
      "resolved": "../bbob-core",
      "link": true
    },
    "../bbob-html/node_modules/@bbob/plugin-helper": {
      "resolved": "../bbob-plugin-helper",
      "link": true
    },
    "../bbob-parser": {
      "name": "@bbob/parser",
      "version": "2.8.2",
      "dev": true,
      "license": "MIT",
      "dependencies": {
        "@bbob/plugin-helper": "^2.8.2"
      }
    },
    "../bbob-parser/node_modules/@bbob/plugin-helper": {
      "resolved": "../bbob-plugin-helper",
      "link": true
    },
    "../bbob-plugin-helper": {
      "name": "@bbob/plugin-helper",
      "version": "2.8.2",
      "license": "MIT"
    },
    "../bbob-preset": {
      "name": "@bbob/preset",
      "version": "2.8.2",
      "license": "MIT"
    },
    "../bbob-preset-html5": {
      "name": "@bbob/preset-html5",
      "version": "2.8.2",
      "license": "MIT",
      "dependencies": {
        "@bbob/plugin-helper": "^2.8.2",
        "@bbob/preset": "^2.8.2"
      },
      "devDependencies": {
        "@bbob/html": "^2.8.2"
      }
    },
    "../bbob-preset-html5/node_modules/@bbob/html": {
      "resolved": "../bbob-html",
      "link": true
    },
    "../bbob-preset-html5/node_modules/@bbob/plugin-helper": {
      "resolved": "../bbob-plugin-helper",
      "link": true
    },
    "../bbob-preset-html5/node_modules/@bbob/preset": {
      "resolved": "../bbob-preset",
      "link": true
    },
    "node_modules/@bbob/core": {
      "resolved": "../bbob-core",
      "link": true
    },
    "node_modules/@bbob/preset-html5": {
      "resolved": "../bbob-preset-html5",
      "link": true
    }
  },
  "dependencies": {
    "@bbob/core": {
      "version": "file:../bbob-core",
      "requires": {
        "@bbob/parser": "^2.8.2"
      },
      "dependencies": {
        "@bbob/parser": {
          "version": "file:../bbob-parser",
          "requires": {
            "@bbob/plugin-helper": "^2.8.2"
          },
          "dependencies": {
            "@bbob/plugin-helper": {
              "version": "file:../bbob-plugin-helper"
            }
          }
        }
      }
    },
    "@bbob/preset-html5": {
      "version": "file:../bbob-preset-html5",
      "requires": {
        "@bbob/html": "^2.8.2",
        "@bbob/plugin-helper": "^2.8.2",
        "@bbob/preset": "^2.8.2"
      },
      "dependencies": {
        "@bbob/html": {
          "version": "file:../bbob-html",
          "requires": {
            "@bbob/core": "^2.8.2",
            "@bbob/plugin-helper": "^2.8.2"
          },
          "dependencies": {
            "@bbob/core": {
              "version": "file:../bbob-core",
              "requires": {
                "@bbob/parser": "^2.8.2"
              },
              "dependencies": {
                "@bbob/parser": {
                  "version": "file:../bbob-parser",
                  "requires": {
                    "@bbob/plugin-helper": "^2.8.2"
                  },
                  "dependencies": {
                    "@bbob/plugin-helper": {
                      "version": "file:../bbob-plugin-helper"
                    }
                  }
                }
              }
            },
            "@bbob/plugin-helper": {
              "version": "file:../bbob-plugin-helper"
            }
          }
        },
        "@bbob/plugin-helper": {
          "version": "file:../bbob-plugin-helper"
        },
        "@bbob/preset": {
          "version": "file:../bbob-preset"
        }
      }
    }
  }
}
