lockfileVersion: '6.0'

settings:
  autoInstallPeers: true
  excludeLinksFromLockfile: false

dependencies:
  commander:
    specifier: 8.2.0
    version: 8.2.0

packages:

  /commander@8.2.0:
    resolution: {integrity: sha512-LLKxDvHeL91/8MIyTAD5BFMNtoIwztGPMiM/7Bl8rIPmHCZXRxmSWr91h57dpOpnQ6jIUqEWdXE/uBYMfiVZDA==}
    engines: {node: '>= 12'}
    dev: false
