{
  "name": "@bbob/parser",
  "version": "2.8.3",
  "lockfileVersion": 2,
  "requires": true,
  "packages": {
    "": {
      "name": "@bbob/parser",
      "version": "2.8.3",
      "license": "MIT",
      "dependencies": {
        "@bbob/plugin-helper": "^2.8.3"
      }
    },
    "node_modules/@bbob/plugin-helper": {
      "version": "2.8.3",
      "resolved": "https://registry.npmjs.org/@bbob/plugin-helper/-/plugin-helper-2.8.3.tgz",
      "integrity": "sha512-i1vVQZ7Ja5x6OLVyAXpwbTX/Id++wVJkve8q+wDhRHylW5/MJQqB6B6pZdGuFbyA5AQvUw2us8bsW0h4iZsDew=="
    }
  },
  "dependencies": {
    "@bbob/plugin-helper": {
      "version": "2.8.3",
      "resolved": "https://registry.npmjs.org/@bbob/plugin-helper/-/plugin-helper-2.8.3.tgz",
      "integrity": "sha512-i1vVQZ7Ja5x6OLVyAXpwbTX/Id++wVJkve8q+wDhRHylW5/MJQqB6B6pZdGuFbyA5AQvUw2us8bsW0h4iZsDew=="
    }
  }
}
