{
  "name": "@bbob/cli",
  "version": "3.0.0",
  "lockfileVersion": 2,
  "requires": true,
  "packages": {
    "": {
      "name": "@bbob/cli",
      "version": "3.0.0",
      "license": "MIT",
      "dependencies": {
        "commander": "^2.15.1"
      },
      "bin": {
        "bbob": "bin/bbob"
      }
    },
    "../bbob-core": {
      "name": "@bbob/core",
      "version": "3.0.0",
      "extraneous": true,
      "license": "MIT",
      "dependencies": {
        "@bbob/parser": "^3.0.0"
      }
    },
    "../bbob-html": {
      "name": "@bbob/html",
      "version": "3.0.0",
      "extraneous": true,
      "license": "MIT",
      "dependencies": {
        "@bbob/core": "^3.0.0",
        "@bbob/plugin-helper": "^3.0.0"
      }
    },
    "../bbob-parser": {
      "name": "@bbob/parser",
      "version": "3.0.0",
      "extraneous": true,
      "license": "MIT",
      "dependencies": {
        "@bbob/plugin-helper": "^3.0.0"
      }
    },
    "../bbob-plugin-helper": {
      "name": "@bbob/plugin-helper",
      "version": "3.0.0",
      "extraneous": true,
      "license": "MIT"
    },
    "../bbob-preset": {
      "name": "@bbob/preset",
      "version": "3.0.0",
      "extraneous": true,
      "license": "MIT"
    },
    "../bbob-preset-html5": {
      "name": "@bbob/preset-html5",
      "version": "3.0.0",
      "extraneous": true,
      "license": "MIT",
      "dependencies": {
        "@bbob/plugin-helper": "^3.0.0",
        "@bbob/preset": "^3.0.0"
      },
      "devDependencies": {
        "@bbob/html": "^3.0.0"
      }
    },
    "node_modules/commander": {
      "version": "2.17.1",
      "license": "MIT"
    }
  },
  "dependencies": {
    "commander": {
      "version": "2.17.1"
    }
  }
}
