{
  "name": "@bbob/cli",
  "version": "2.5.5",
  "lockfileVersion": 1,
  "requires": true,
  "dependencies": {
    "@bbob/html": {
      "version": "2.5.4",
      "requires": {
        "@bbob/core": "^2.5.4",
        "@bbob/plugin-helper": "^2.5.4"
      },
      "dependencies": {
        "@bbob/core": {
          "version": "2.5.4",
          "resolved": "https://registry.npmjs.org/@bbob/core/-/core-2.5.4.tgz",
          "integrity": "sha512-8M/xQkU84XvXw82vBhLFukRWTyTSFoGBmCe3nuE62z4wRaYmmg+B9GYGZv6rM6KNva5UyOi5zVQhgpw7fYH5rg==",
          "requires": {
            "@bbob/parser": "^2.5.4"
          }
        },
        "@bbob/parser": {
          "version": "2.5.4",
          "requires": {
            "@bbob/plugin-helper": "^2.5.4"
          },
          "dependencies": {
            "@bbob/plugin-helper": {
              "version": "2.5.4"
            }
          }
        },
        "@bbob/plugin-helper": {
          "version": "2.5.4"
        }
      }
    },
    "@bbob/preset-html5": {
      "version": "2.5.4",
      "requires": {
        "@bbob/plugin-helper": "^2.5.4",
        "@bbob/preset": "^2.5.4"
      },
      "dependencies": {
        "@bbob/html": {
          "requires": {
            "@bbob/core": "^2.5.4",
            "@bbob/plugin-helper": "^2.5.4"
          },
          "dependencies": {
            "@bbob/core": {
              "version": "2.5.4",
              "resolved": "https://registry.npmjs.org/@bbob/core/-/core-2.5.4.tgz",
              "integrity": "sha512-8M/xQkU84XvXw82vBhLFukRWTyTSFoGBmCe3nuE62z4wRaYmmg+B9GYGZv6rM6KNva5UyOi5zVQhgpw7fYH5rg==",
              "requires": {
                "@bbob/parser": "^2.5.4"
              }
            },
            "@bbob/parser": {
              "version": "2.5.4",
              "requires": {
                "@bbob/plugin-helper": "^2.5.4"
              },
              "dependencies": {}
            },
            "@bbob/plugin-helper": {
              "version": "2.5.4"
            }
          }
        },
        "@bbob/plugin-helper": {
          "version": "2.5.4"
        },
        "@bbob/preset": {
          "version": "2.5.4",
          "requires": {
            "@bbob/plugin-helper": "^2.5.4"
          },
          "dependencies": {
            "@bbob/plugin-helper": {
              "version": "2.5.4"
            }
          }
        }
      }
    },
    "commander": {
      "version": "2.17.1",
      "resolved": "https://registry.npmjs.org/commander/-/commander-2.17.1.tgz",
      "integrity": "sha512-wPMUt6FnH2yzG95SA6mzjQOEKUU3aLaDEmzs1ti+1E9h+CsrZghRlqEM/EJ4KscsQVG8uNN4uVreUeT8+drlgg=="
    }
  }
}
